
Microsoft Visual Studio Solution File, Format Version 12.00
# Visual Studio Version 16
VisualStudioVersion = 16.0.31005.135
MinimumVisualStudioVersion = 10.0.40219.1
Project("{FAE04EC0-301F-11D3-BF4B-00C04F79EFBC}") = "CicekSepetiTask", "CicekSepetiTask\CicekSepetiTask.csproj", "{B7144FEE-307B-4EF5-9ED8-3791206632F2}"
EndProject
Global
	GlobalSection(SolutionConfigurationPlatforms) = preSolution
		Debug|Any CPU = Debug|Any CPU
		Release|Any CPU = Release|Any CPU
	EndGlobalSection
	GlobalSection(ProjectConfigurationPlatforms) = postSolution
		{B7144FEE-307B-4EF5-9ED8-3791206632F2}.Debug|Any CPU.ActiveCfg = Debug|Any CPU
		{B7144FEE-307B-4EF5-9ED8-3791206632F2}.Debug|Any CPU.Build.0 = Debug|Any CPU
		{B7144FEE-307B-4EF5-9ED8-3791206632F2}.Release|Any CPU.ActiveCfg = Release|Any CPU
		{B7144FEE-307B-4EF5-9ED8-3791206632F2}.Release|Any CPU.Build.0 = Release|Any CPU
	EndGlobalSection
	GlobalSection(SolutionProperties) = preSolution
		HideSolutionNode = FALSE
	EndGlobalSection
	GlobalSection(ExtensibilityGlobals) = postSolution
		SolutionGuid = {35865EE4-37F2-4A60-BFE3-3C337C0EAB70}
	EndGlobalSection
EndGlobal
